
Microsoft Visual Studio Solution File, Format Version 11.00
# Visual Studio 2010
Project("{8BC9CEB8-8B4A-11D0-8D11-00A0C91BC942}") = "functions", "functions\functions.vcxproj", "{9750EF72-692A-4C82-80DE-1D27AFB49E33}"
EndProject
Global
	GlobalSection(SolutionConfigurationPlatforms) = preSolution
		Debug|Win32 = Debug|Win32
		Release|Win32 = Release|Win32
	EndGlobalSection
	GlobalSection(ProjectConfigurationPlatforms) = postSolution
		{9750EF72-692A-4C82-80DE-1D27AFB49E33}.Debug|Win32.ActiveCfg = Debug|Win32
		{9750EF72-692A-4C82-80DE-1D27AFB49E33}.Debug|Win32.Build.0 = Debug|Win32
		{9750EF72-692A-4C82-80DE-1D27AFB49E33}.Release|Win32.ActiveCfg = Release|Win32
		{9750EF72-692A-4C82-80DE-1D27AFB49E33}.Release|Win32.Build.0 = Release|Win32
	EndGlobalSection
	GlobalSection(SolutionProperties) = preSolution
		HideSolutionNode = FALSE
	EndGlobalSection
EndGlobal
