
Microsoft Visual Studio Solution File, Format Version 11.00
# Visual Studio 2010
Project("{8BC9CEB8-8B4A-11D0-8D11-00A0C91BC942}") = "concertTickets", "concertTickets\concertTickets.vcxproj", "{CB7A0035-CE03-48CA-8FD7-9321CC4D8D44}"
EndProject
Global
	GlobalSection(SolutionConfigurationPlatforms) = preSolution
		Debug|Win32 = Debug|Win32
		Release|Win32 = Release|Win32
	EndGlobalSection
	GlobalSection(ProjectConfigurationPlatforms) = postSolution
		{CB7A0035-CE03-48CA-8FD7-9321CC4D8D44}.Debug|Win32.ActiveCfg = Debug|Win32
		{CB7A0035-CE03-48CA-8FD7-9321CC4D8D44}.Debug|Win32.Build.0 = Debug|Win32
		{CB7A0035-CE03-48CA-8FD7-9321CC4D8D44}.Release|Win32.ActiveCfg = Release|Win32
		{CB7A0035-CE03-48CA-8FD7-9321CC4D8D44}.Release|Win32.Build.0 = Release|Win32
	EndGlobalSection
	GlobalSection(SolutionProperties) = preSolution
		HideSolutionNode = FALSE
	EndGlobalSection
EndGlobal
