
Microsoft Visual Studio Solution File, Format Version 11.00
# Visual Studio 2010
Project("{8BC9CEB8-8B4A-11D0-8D11-00A0C91BC942}") = "example", "example\example.vcxproj", "{FBED895A-1113-4935-B53C-4B75A50A333A}"
EndProject
Global
	GlobalSection(SolutionConfigurationPlatforms) = preSolution
		Debug|Win32 = Debug|Win32
		Release|Win32 = Release|Win32
	EndGlobalSection
	GlobalSection(ProjectConfigurationPlatforms) = postSolution
		{FBED895A-1113-4935-B53C-4B75A50A333A}.Debug|Win32.ActiveCfg = Debug|Win32
		{FBED895A-1113-4935-B53C-4B75A50A333A}.Debug|Win32.Build.0 = Debug|Win32
		{FBED895A-1113-4935-B53C-4B75A50A333A}.Release|Win32.ActiveCfg = Release|Win32
		{FBED895A-1113-4935-B53C-4B75A50A333A}.Release|Win32.Build.0 = Release|Win32
	EndGlobalSection
	GlobalSection(SolutionProperties) = preSolution
		HideSolutionNode = FALSE
	EndGlobalSection
EndGlobal
