
Microsoft Visual Studio Solution File, Format Version 11.00
# Visual Studio 2010
Project("{8BC9CEB8-8B4A-11D0-8D11-00A0C91BC942}") = "max1", "max1\max1.vcxproj", "{2972F1F3-664B-49C2-BC3F-33D1E56B1372}"
EndProject
Global
	GlobalSection(SolutionConfigurationPlatforms) = preSolution
		Debug|Win32 = Debug|Win32
		Release|Win32 = Release|Win32
	EndGlobalSection
	GlobalSection(ProjectConfigurationPlatforms) = postSolution
		{2972F1F3-664B-49C2-BC3F-33D1E56B1372}.Debug|Win32.ActiveCfg = Debug|Win32
		{2972F1F3-664B-49C2-BC3F-33D1E56B1372}.Debug|Win32.Build.0 = Debug|Win32
		{2972F1F3-664B-49C2-BC3F-33D1E56B1372}.Release|Win32.ActiveCfg = Release|Win32
		{2972F1F3-664B-49C2-BC3F-33D1E56B1372}.Release|Win32.Build.0 = Release|Win32
	EndGlobalSection
	GlobalSection(SolutionProperties) = preSolution
		HideSolutionNode = FALSE
	EndGlobalSection
EndGlobal
